
Microsoft Visual Studio Solution File, Format Version 12.00
# Visual Studio Version 16
VisualStudioVersion = 16.0.30711.63
MinimumVisualStudioVersion = 10.0.40219.1
Project("{FAE04EC0-301F-11D3-BF4B-00C04F79EFBC}") = "MagicalInheritance", "MagicalInheritance\MagicalInheritance.csproj", "{64CA9D22-5CEB-4B7E-8228-E8C50A55C88E}"
EndProject
Global
	GlobalSection(SolutionConfigurationPlatforms) = preSolution
		Debug|Any CPU = Debug|Any CPU
		Release|Any CPU = Release|Any CPU
	EndGlobalSection
	GlobalSection(ProjectConfigurationPlatforms) = postSolution
		{64CA9D22-5CEB-4B7E-8228-E8C50A55C88E}.Debug|Any CPU.ActiveCfg = Debug|Any CPU
		{64CA9D22-5CEB-4B7E-8228-E8C50A55C88E}.Debug|Any CPU.Build.0 = Debug|Any CPU
		{64CA9D22-5CEB-4B7E-8228-E8C50A55C88E}.Release|Any CPU.ActiveCfg = Release|Any CPU
		{64CA9D22-5CEB-4B7E-8228-E8C50A55C88E}.Release|Any CPU.Build.0 = Release|Any CPU
	EndGlobalSection
	GlobalSection(SolutionProperties) = preSolution
		HideSolutionNode = FALSE
	EndGlobalSection
	GlobalSection(ExtensibilityGlobals) = postSolution
		SolutionGuid = {DFF2592F-F49A-473A-8C99-A80AD50BA8F4}
	EndGlobalSection
EndGlobal
